// !$*UTF8*$!
{
	archiveVersion = 1;
	classes = {
	};
	objectVersion = 77;
	objects = {

/* Begin PBXBuildFile section */
		1129B97D2D5C8A75008E2812 /* ChoiceButtonModifier.swift in Sources */ = {isa = PBXBuildFile; fileRef = 1129B97C2D5C8A75008E2812 /* ChoiceButtonModifier.swift */; };
		11FE99B02CEF303800018AFE /* CheckPointView.swift in Sources */ = {isa = PBXBuildFile; fileRef = 11FE99992CEF303800018AFE /* CheckPointView.swift */; };
		11FE99B12CEF303800018AFE /* ContentView.swift in Sources */ = {isa = PBXBuildFile; fileRef = 11FE999A2CEF303800018AFE /* ContentView.swift */; };
		11FE99B22CEF303800018AFE /* EndView.swift in Sources */ = {isa = PBXBuildFile; fileRef = 11FE999B2CEF303800018AFE /* EndView.swift */; };
		11FE99B32CEF303800018AFE /* AnimalData.swift in Sources */ = {isa = PBXBuildFile; fileRef = 11FE999D2CEF303800018AFE /* AnimalData.swift */; };
		11FE99B42CEF303800018AFE /* CheckPointData.swift in Sources */ = {isa = PBXBuildFile; fileRef = 11FE999E2CEF303800018AFE /* CheckPointData.swift */; };
		11FE99B52CEF303800018AFE /* ExUIColor.swift in Sources */ = {isa = PBXBuildFile; fileRef = 11FE99A02CEF303800018AFE /* ExUIColor.swift */; };
		11FE99B62CEF303800018AFE /* AnimalModel.swift in Sources */ = {isa = PBXBuildFile; fileRef = 11FE99A22CEF303800018AFE /* AnimalModel.swift */; };
		11FE99B72CEF303800018AFE /* CheckpointModel.swift in Sources */ = {isa = PBXBuildFile; fileRef = 11FE99A32CEF303800018AFE /* CheckpointModel.swift */; };
		11FE99B92CEF303800018AFE /* EndPointModifier.swift in Sources */ = {isa = PBXBuildFile; fileRef = 11FE99A62CEF303800018AFE /* EndPointModifier.swift */; };
		11FE99BA2CEF303800018AFE /* TitleModifier.swift in Sources */ = {isa = PBXBuildFile; fileRef = 11FE99A72CEF303800018AFE /* TitleModifier.swift */; };
		11FE99BB2CEF303800018AFE /* CardUpperView.swift in Sources */ = {isa = PBXBuildFile; fileRef = 11FE99A92CEF303800018AFE /* CardUpperView.swift */; };
		11FE99BC2CEF303800018AFE /* FriendCardView.swift in Sources */ = {isa = PBXBuildFile; fileRef = 11FE99AA2CEF303800018AFE /* FriendCardView.swift */; };
		11FE99BD2CEF303800018AFE /* RarityCardView.swift in Sources */ = {isa = PBXBuildFile; fileRef = 11FE99AB2CEF303800018AFE /* RarityCardView.swift */; };
		11FE99BE2CEF303800018AFE /* PersonalityTestApp.swift in Sources */ = {isa = PBXBuildFile; fileRef = 11FE99AE2CEF303800018AFE /* PersonalityTestApp.swift */; };
		11FE99BF2CEF303800018AFE /* Assets.xcassets in Resources */ = {isa = PBXBuildFile; fileRef = 11FE99AD2CEF303800018AFE /* Assets.xcassets */; };
		11FE99C12CEF338300018AFE /* MbtiToIndexModel.swift in Sources */ = {isa = PBXBuildFile; fileRef = 11FE99C02CEF337400018AFE /* MbtiToIndexModel.swift */; };
/* End PBXBuildFile section */

/* Begin PBXFileReference section */
		1129B97C2D5C8A75008E2812 /* ChoiceButtonModifier.swift */ = {isa = PBXFileReference; lastKnownFileType = sourcecode.swift; path = ChoiceButtonModifier.swift; sourceTree = "<group>"; };
		11FE99572CEF21F800018AFE /* PersonalityTest.app */ = {isa = PBXFileReference; explicitFileType = wrapper.application; includeInIndex = 0; path = PersonalityTest.app; sourceTree = BUILT_PRODUCTS_DIR; };
		11FE99992CEF303800018AFE /* CheckPointView.swift */ = {isa = PBXFileReference; lastKnownFileType = sourcecode.swift; path = CheckPointView.swift; sourceTree = "<group>"; };
		11FE999A2CEF303800018AFE /* ContentView.swift */ = {isa = PBXFileReference; lastKnownFileType = sourcecode.swift; path = ContentView.swift; sourceTree = "<group>"; };
		11FE999B2CEF303800018AFE /* EndView.swift */ = {isa = PBXFileReference; lastKnownFileType = sourcecode.swift; path = EndView.swift; sourceTree = "<group>"; };
		11FE999D2CEF303800018AFE /* AnimalData.swift */ = {isa = PBXFileReference; lastKnownFileType = sourcecode.swift; path = AnimalData.swift; sourceTree = "<group>"; };
		11FE999E2CEF303800018AFE /* CheckPointData.swift */ = {isa = PBXFileReference; lastKnownFileType = sourcecode.swift; path = CheckPointData.swift; sourceTree = "<group>"; };
		11FE99A02CEF303800018AFE /* ExUIColor.swift */ = {isa = PBXFileReference; lastKnownFileType = sourcecode.swift; path = ExUIColor.swift; sourceTree = "<group>"; };
		11FE99A22CEF303800018AFE /* AnimalModel.swift */ = {isa = PBXFileReference; lastKnownFileType = sourcecode.swift; path = AnimalModel.swift; sourceTree = "<group>"; };
		11FE99A32CEF303800018AFE /* CheckpointModel.swift */ = {isa = PBXFileReference; lastKnownFileType = sourcecode.swift; path = CheckpointModel.swift; sourceTree = "<group>"; };
		11FE99A62CEF303800018AFE /* EndPointModifier.swift */ = {isa = PBXFileReference; lastKnownFileType = sourcecode.swift; path = EndPointModifier.swift; sourceTree = "<group>"; };
		11FE99A72CEF303800018AFE /* TitleModifier.swift */ = {isa = PBXFileReference; lastKnownFileType = sourcecode.swift; path = TitleModifier.swift; sourceTree = "<group>"; };
		11FE99A92CEF303800018AFE /* CardUpperView.swift */ = {isa = PBXFileReference; lastKnownFileType = sourcecode.swift; path = CardUpperView.swift; sourceTree = "<group>"; };
		11FE99AA2CEF303800018AFE /* FriendCardView.swift */ = {isa = PBXFileReference; lastKnownFileType = sourcecode.swift; path = FriendCardView.swift; sourceTree = "<group>"; };
		11FE99AB2CEF303800018AFE /* RarityCardView.swift */ = {isa = PBXFileReference; lastKnownFileType = sourcecode.swift; path = RarityCardView.swift; sourceTree = "<group>"; };
		11FE99AD2CEF303800018AFE /* Assets.xcassets */ = {isa = PBXFileReference; lastKnownFileType = folder.assetcatalog; path = Assets.xcassets; sourceTree = "<group>"; };
		11FE99AE2CEF303800018AFE /* PersonalityTestApp.swift */ = {isa = PBXFileReference; lastKnownFileType = sourcecode.swift; path = PersonalityTestApp.swift; sourceTree = "<group>"; };
		11FE99C02CEF337400018AFE /* MbtiToIndexModel.swift */ = {isa = PBXFileReference; lastKnownFileType = sourcecode.swift; path = MbtiToIndexModel.swift; sourceTree = "<group>"; };
/* End PBXFileReference section */

/* Begin PBXFrameworksBuildPhase section */
		11FE99542CEF21F800018AFE /* Frameworks */ = {
			isa = PBXFrameworksBuildPhase;
			buildActionMask = 2147483647;
			files = (
			);
			runOnlyForDeploymentPostprocessing = 0;
		};
/* End PBXFrameworksBuildPhase section */

/* Begin PBXGroup section */
		11FE994E2CEF21F800018AFE = {
			isa = PBXGroup;
			children = (
				11FE99AF2CEF303800018AFE /* PersonalityTest */,
				11FE99582CEF21F800018AFE /* Products */,
			);
			sourceTree = "<group>";
		};
		11FE99582CEF21F800018AFE /* Products */ = {
			isa = PBXGroup;
			children = (
				11FE99572CEF21F800018AFE /* PersonalityTest.app */,
			);
			name = Products;
			sourceTree = "<group>";
		};
		11FE999F2CEF303800018AFE /* Data */ = {
			isa = PBXGroup;
			children = (
				11FE999D2CEF303800018AFE /* AnimalData.swift */,
				11FE999E2CEF303800018AFE /* CheckPointData.swift */,
			);
			path = Data;
			sourceTree = "<group>";
		};
		11FE99A12CEF303800018AFE /* Extension */ = {
			isa = PBXGroup;
			children = (
				11FE99A02CEF303800018AFE /* ExUIColor.swift */,
			);
			path = Extension;
			sourceTree = "<group>";
		};
		11FE99A42CEF303800018AFE /* Model */ = {
			isa = PBXGroup;
			children = (
				11FE99A22CEF303800018AFE /* AnimalModel.swift */,
				11FE99A32CEF303800018AFE /* CheckpointModel.swift */,
				11FE99C02CEF337400018AFE /* MbtiToIndexModel.swift */,
			);
			path = Model;
			sourceTree = "<group>";
		};
		11FE99A82CEF303800018AFE /* Modifier */ = {
			isa = PBXGroup;
			children = (
				1129B97C2D5C8A75008E2812 /* ChoiceButtonModifier.swift */,
				11FE99A62CEF303800018AFE /* EndPointModifier.swift */,
				11FE99A72CEF303800018AFE /* TitleModifier.swift */,
			);
			path = Modifier;
			sourceTree = "<group>";
		};
		11FE99AC2CEF303800018AFE /* View */ = {
			isa = PBXGroup;
			children = (
				11FE999A2CEF303800018AFE /* ContentView.swift */,
				11FE99992CEF303800018AFE /* CheckPointView.swift */,
				11FE999B2CEF303800018AFE /* EndView.swift */,
				11FE99A92CEF303800018AFE /* CardUpperView.swift */,
				11FE99AA2CEF303800018AFE /* FriendCardView.swift */,
				11FE99AB2CEF303800018AFE /* RarityCardView.swift */,
			);
			path = View;
			sourceTree = "<group>";
		};
		11FE99AF2CEF303800018AFE /* PersonalityTest */ = {
			isa = PBXGroup;
			children = (
				11FE99AC2CEF303800018AFE /* View */,
				11FE99A42CEF303800018AFE /* Model */,
				11FE999F2CEF303800018AFE /* Data */,
				11FE99A82CEF303800018AFE /* Modifier */,
				11FE99A12CEF303800018AFE /* Extension */,
				11FE99AD2CEF303800018AFE /* Assets.xcassets */,
				11FE99AE2CEF303800018AFE /* PersonalityTestApp.swift */,
			);
			path = PersonalityTest;
			sourceTree = "<group>";
		};
/* End PBXGroup section */

/* Begin PBXNativeTarget section */
		11FE99562CEF21F800018AFE /* PersonalityTest */ = {
			isa = PBXNativeTarget;
			buildConfigurationList = 11FE99652CEF21F900018AFE /* Build configuration list for PBXNativeTarget "PersonalityTest" */;
			buildPhases = (
				11FE99532CEF21F800018AFE /* Sources */,
				11FE99542CEF21F800018AFE /* Frameworks */,
				11FE99552CEF21F800018AFE /* Resources */,
			);
			buildRules = (
			);
			dependencies = (
			);
			name = PersonalityTest;
			packageProductDependencies = (
			);
			productName = PersonalityTest;
			productReference = 11FE99572CEF21F800018AFE /* PersonalityTest.app */;
			productType = "com.apple.product-type.application";
		};
/* End PBXNativeTarget section */

/* Begin PBXProject section */
		11FE994F2CEF21F800018AFE /* Project object */ = {
			isa = PBXProject;
			attributes = {
				BuildIndependentTargetsInParallel = 1;
				LastSwiftUpdateCheck = 1610;
				LastUpgradeCheck = 1610;
				TargetAttributes = {
					11FE99562CEF21F800018AFE = {
						CreatedOnToolsVersion = 16.1;
					};
				};
			};
			buildConfigurationList = 11FE99522CEF21F800018AFE /* Build configuration list for PBXProject "PersonalityTest" */;
			developmentRegion = en;
			hasScannedForEncodings = 0;
			knownRegions = (
				en,
				Base,
			);
			mainGroup = 11FE994E2CEF21F800018AFE;
			minimizedProjectReferenceProxies = 1;
			preferredProjectObjectVersion = 77;
			productRefGroup = 11FE99582CEF21F800018AFE /* Products */;
			projectDirPath = "";
			projectRoot = "";
			targets = (
				11FE99562CEF21F800018AFE /* PersonalityTest */,
			);
		};
/* End PBXProject section */

/* Begin PBXResourcesBuildPhase section */
		11FE99552CEF21F800018AFE /* Resources */ = {
			isa = PBXResourcesBuildPhase;
			buildActionMask = 2147483647;
			files = (
				11FE99BF2CEF303800018AFE /* Assets.xcassets in Resources */,
			);
			runOnlyForDeploymentPostprocessing = 0;
		};
/* End PBXResourcesBuildPhase section */

/* Begin PBXSourcesBuildPhase section */
		11FE99532CEF21F800018AFE /* Sources */ = {
			isa = PBXSourcesBuildPhase;
			buildActionMask = 2147483647;
			files = (
				11FE99B02CEF303800018AFE /* CheckPointView.swift in Sources */,
				11FE99B12CEF303800018AFE /* ContentView.swift in Sources */,
				11FE99B22CEF303800018AFE /* EndView.swift in Sources */,
				11FE99B32CEF303800018AFE /* AnimalData.swift in Sources */,
				11FE99B42CEF303800018AFE /* CheckPointData.swift in Sources */,
				11FE99B52CEF303800018AFE /* ExUIColor.swift in Sources */,
				11FE99B62CEF303800018AFE /* AnimalModel.swift in Sources */,
				11FE99B72CEF303800018AFE /* CheckpointModel.swift in Sources */,
				11FE99B92CEF303800018AFE /* EndPointModifier.swift in Sources */,
				11FE99BA2CEF303800018AFE /* TitleModifier.swift in Sources */,
				1129B97D2D5C8A75008E2812 /* ChoiceButtonModifier.swift in Sources */,
				11FE99BB2CEF303800018AFE /* CardUpperView.swift in Sources */,
				11FE99C12CEF338300018AFE /* MbtiToIndexModel.swift in Sources */,
				11FE99BC2CEF303800018AFE /* FriendCardView.swift in Sources */,
				11FE99BD2CEF303800018AFE /* RarityCardView.swift in Sources */,
				11FE99BE2CEF303800018AFE /* PersonalityTestApp.swift in Sources */,
			);
			runOnlyForDeploymentPostprocessing = 0;
		};
/* End PBXSourcesBuildPhase section */

/* Begin XCBuildConfiguration section */
		11FE99632CEF21F900018AFE /* Debug */ = {
			isa = XCBuildConfiguration;
			buildSettings = {
				ALWAYS_SEARCH_USER_PATHS = NO;
				ASSETCATALOG_COMPILER_GENERATE_SWIFT_ASSET_SYMBOL_EXTENSIONS = YES;
				CLANG_ANALYZER_NONNULL = YES;
				CLANG_ANALYZER_NUMBER_OBJECT_CONVERSION = YES_AGGRESSIVE;
				CLANG_CXX_LANGUAGE_STANDARD = "gnu++20";
				CLANG_ENABLE_MODULES = YES;
				CLANG_ENABLE_OBJC_ARC = YES;
				CLANG_ENABLE_OBJC_WEAK = YES;
				CLANG_WARN_BLOCK_CAPTURE_AUTORELEASING = YES;
				CLANG_WARN_BOOL_CONVERSION = YES;
				CLANG_WARN_COMMA = YES;
				CLANG_WARN_CONSTANT_CONVERSION = YES;
				CLANG_WARN_DEPRECATED_OBJC_IMPLEMENTATIONS = YES;
				CLANG_WARN_DIRECT_OBJC_ISA_USAGE = YES_ERROR;
				CLANG_WARN_DOCUMENTATION_COMMENTS = YES;
				CLANG_WARN_EMPTY_BODY = YES;
				CLANG_WARN_ENUM_CONVERSION = YES;
				CLANG_WARN_INFINITE_RECURSION = YES;
				CLANG_WARN_INT_CONVERSION = YES;
				CLANG_WARN_NON_LITERAL_NULL_CONVERSION = YES;
				CLANG_WARN_OBJC_IMPLICIT_RETAIN_SELF = YES;
				CLANG_WARN_OBJC_LITERAL_CONVERSION = YES;
				CLANG_WARN_OBJC_ROOT_CLASS = YES_ERROR;
				CLANG_WARN_QUOTED_INCLUDE_IN_FRAMEWORK_HEADER = YES;
				CLANG_WARN_RANGE_LOOP_ANALYSIS = YES;
				CLANG_WARN_STRICT_PROTOTYPES = YES;
				CLANG_WARN_SUSPICIOUS_MOVE = YES;
				CLANG_WARN_UNGUARDED_AVAILABILITY = YES_AGGRESSIVE;
				CLANG_WARN_UNREACHABLE_CODE = YES;
				CLANG_WARN__DUPLICATE_METHOD_MATCH = YES;
				COPY_PHASE_STRIP = NO;
				DEBUG_INFORMATION_FORMAT = dwarf;
				ENABLE_STRICT_OBJC_MSGSEND = YES;
				ENABLE_TESTABILITY = YES;
				ENABLE_USER_SCRIPT_SANDBOXING = YES;
				GCC_C_LANGUAGE_STANDARD = gnu17;
				GCC_DYNAMIC_NO_PIC = NO;
				GCC_NO_COMMON_BLOCKS = YES;
				GCC_OPTIMIZATION_LEVEL = 0;
				GCC_PREPROCESSOR_DEFINITIONS = (
					"DEBUG=1",
					"$(inherited)",
				);
				GCC_WARN_64_TO_32_BIT_CONVERSION = YES;
				GCC_WARN_ABOUT_RETURN_TYPE = YES_ERROR;
				GCC_WARN_UNDECLARED_SELECTOR = YES;
				GCC_WARN_UNINITIALIZED_AUTOS = YES_AGGRESSIVE;
				GCC_WARN_UNUSED_FUNCTION = YES;
				GCC_WARN_UNUSED_VARIABLE = YES;
				IPHONEOS_DEPLOYMENT_TARGET = 18.1;
				LOCALIZATION_PREFERS_STRING_CATALOGS = YES;
				MTL_ENABLE_DEBUG_INFO = INCLUDE_SOURCE;
				MTL_FAST_MATH = YES;
				ONLY_ACTIVE_ARCH = YES;
				SDKROOT = iphoneos;
				SWIFT_ACTIVE_COMPILATION_CONDITIONS = "DEBUG $(inherited)";
				SWIFT_OPTIMIZATION_LEVEL = "-Onone";
			};
			name = Debug;
		};
		11FE99642CEF21F900018AFE /* Release */ = {
			isa = XCBuildConfiguration;
			buildSettings = {
				ALWAYS_SEARCH_USER_PATHS = NO;
				ASSETCATALOG_COMPILER_GENERATE_SWIFT_ASSET_SYMBOL_EXTENSIONS = YES;
				CLANG_ANALYZER_NONNULL = YES;
				CLANG_ANALYZER_NUMBER_OBJECT_CONVERSION = YES_AGGRESSIVE;
				CLANG_CXX_LANGUAGE_STANDARD = "gnu++20";
				CLANG_ENABLE_MODULES = YES;
				CLANG_ENABLE_OBJC_ARC = YES;
				CLANG_ENABLE_OBJC_WEAK = YES;
				CLANG_WARN_BLOCK_CAPTURE_AUTORELEASING = YES;
				CLANG_WARN_BOOL_CONVERSION = YES;
				CLANG_WARN_COMMA = YES;
				CLANG_WARN_CONSTANT_CONVERSION = YES;
				CLANG_WARN_DEPRECATED_OBJC_IMPLEMENTATIONS = YES;
				CLANG_WARN_DIRECT_OBJC_ISA_USAGE = YES_ERROR;
				CLANG_WARN_DOCUMENTATION_COMMENTS = YES;
				CLANG_WARN_EMPTY_BODY = YES;
				CLANG_WARN_ENUM_CONVERSION = YES;
				CLANG_WARN_INFINITE_RECURSION = YES;
				CLANG_WARN_INT_CONVERSION = YES;
				CLANG_WARN_NON_LITERAL_NULL_CONVERSION = YES;
				CLANG_WARN_OBJC_IMPLICIT_RETAIN_SELF = YES;
				CLANG_WARN_OBJC_LITERAL_CONVERSION = YES;
				CLANG_WARN_OBJC_ROOT_CLASS = YES_ERROR;
				CLANG_WARN_QUOTED_INCLUDE_IN_FRAMEWORK_HEADER = YES;
				CLANG_WARN_RANGE_LOOP_ANALYSIS = YES;
				CLANG_WARN_STRICT_PROTOTYPES = YES;
				CLANG_WARN_SUSPICIOUS_MOVE = YES;
				CLANG_WARN_UNGUARDED_AVAILABILITY = YES_AGGRESSIVE;
				CLANG_WARN_UNREACHABLE_CODE = YES;
				CLANG_WARN__DUPLICATE_METHOD_MATCH = YES;
				COPY_PHASE_STRIP = NO;
				DEBUG_INFORMATION_FORMAT = "dwarf-with-dsym";
				ENABLE_NS_ASSERTIONS = NO;
				ENABLE_STRICT_OBJC_MSGSEND = YES;
				ENABLE_USER_SCRIPT_SANDBOXING = YES;
				GCC_C_LANGUAGE_STANDARD = gnu17;
				GCC_NO_COMMON_BLOCKS = YES;
				GCC_WARN_64_TO_32_BIT_CONVERSION = YES;
				GCC_WARN_ABOUT_RETURN_TYPE = YES_ERROR;
				GCC_WARN_UNDECLARED_SELECTOR = YES;
				GCC_WARN_UNINITIALIZED_AUTOS = YES_AGGRESSIVE;
				GCC_WARN_UNUSED_FUNCTION = YES;
				GCC_WARN_UNUSED_VARIABLE = YES;
				IPHONEOS_DEPLOYMENT_TARGET = 18.1;
				LOCALIZATION_PREFERS_STRING_CATALOGS = YES;
				MTL_ENABLE_DEBUG_INFO = NO;
				MTL_FAST_MATH = YES;
				SDKROOT = iphoneos;
				SWIFT_COMPILATION_MODE = wholemodule;
				VALIDATE_PRODUCT = YES;
			};
			name = Release;
		};
		11FE99662CEF21F900018AFE /* Debug */ = {
			isa = XCBuildConfiguration;
			buildSettings = {
				ASSETCATALOG_COMPILER_APPICON_NAME = AppIcon;
				ASSETCATALOG_COMPILER_GLOBAL_ACCENT_COLOR_NAME = AccentColor;
				CODE_SIGN_STYLE = Automatic;
				CURRENT_PROJECT_VERSION = 1;
				DEVELOPMENT_ASSET_PATHS = "";
				DEVELOPMENT_TEAM = WBC4T5V7CF;
				ENABLE_PREVIEWS = YES;
				GENERATE_INFOPLIST_FILE = YES;
				INFOPLIST_KEY_UIApplicationSceneManifest_Generation = YES;
				INFOPLIST_KEY_UIApplicationSupportsIndirectInputEvents = YES;
				INFOPLIST_KEY_UILaunchScreen_Generation = YES;
				INFOPLIST_KEY_UISupportedInterfaceOrientations_iPad = "UIInterfaceOrientationPortrait UIInterfaceOrientationPortraitUpsideDown UIInterfaceOrientationLandscapeLeft UIInterfaceOrientationLandscapeRight";
				INFOPLIST_KEY_UISupportedInterfaceOrientations_iPhone = "UIInterfaceOrientationPortrait UIInterfaceOrientationLandscapeLeft UIInterfaceOrientationLandscapeRight";
				LD_RUNPATH_SEARCH_PATHS = (
					"$(inherited)",
					"@executable_path/Frameworks",
				);
				MARKETING_VERSION = 1.0;
				PRODUCT_BUNDLE_IDENTIFIER = "com.Chiak-Kuo-Chen.PersonalityTest";
				PRODUCT_NAME = "$(TARGET_NAME)";
				SWIFT_EMIT_LOC_STRINGS = YES;
				SWIFT_VERSION = 5.0;
				TARGETED_DEVICE_FAMILY = "1,2";
			};
			name = Debug;
		};
		11FE99672CEF21F900018AFE /* Release */ = {
			isa = XCBuildConfiguration;
			buildSettings = {
				ASSETCATALOG_COMPILER_APPICON_NAME = AppIcon;
				ASSETCATALOG_COMPILER_GLOBAL_ACCENT_COLOR_NAME = AccentColor;
				CODE_SIGN_STYLE = Automatic;
				CURRENT_PROJECT_VERSION = 1;
				DEVELOPMENT_ASSET_PATHS = "";
				DEVELOPMENT_TEAM = WBC4T5V7CF;
				ENABLE_PREVIEWS = YES;
				GENERATE_INFOPLIST_FILE = YES;
				INFOPLIST_KEY_UIApplicationSceneManifest_Generation = YES;
				INFOPLIST_KEY_UIApplicationSupportsIndirectInputEvents = YES;
				INFOPLIST_KEY_UILaunchScreen_Generation = YES;
				INFOPLIST_KEY_UISupportedInterfaceOrientations_iPad = "UIInterfaceOrientationPortrait UIInterfaceOrientationPortraitUpsideDown UIInterfaceOrientationLandscapeLeft UIInterfaceOrientationLandscapeRight";
				INFOPLIST_KEY_UISupportedInterfaceOrientations_iPhone = "UIInterfaceOrientationPortrait UIInterfaceOrientationLandscapeLeft UIInterfaceOrientationLandscapeRight";
				LD_RUNPATH_SEARCH_PATHS = (
					"$(inherited)",
					"@executable_path/Frameworks",
				);
				MARKETING_VERSION = 1.0;
				PRODUCT_BUNDLE_IDENTIFIER = "com.Chiak-Kuo-Chen.PersonalityTest";
				PRODUCT_NAME = "$(TARGET_NAME)";
				SWIFT_EMIT_LOC_STRINGS = YES;
				SWIFT_VERSION = 5.0;
				TARGETED_DEVICE_FAMILY = "1,2";
			};
			name = Release;
		};
/* End XCBuildConfiguration section */

/* Begin XCConfigurationList section */
		11FE99522CEF21F800018AFE /* Build configuration list for PBXProject "PersonalityTest" */ = {
			isa = XCConfigurationList;
			buildConfigurations = (
				11FE99632CEF21F900018AFE /* Debug */,
				11FE99642CEF21F900018AFE /* Release */,
			);
			defaultConfigurationIsVisible = 0;
			defaultConfigurationName = Release;
		};
		11FE99652CEF21F900018AFE /* Build configuration list for PBXNativeTarget "PersonalityTest" */ = {
			isa = XCConfigurationList;
			buildConfigurations = (
				11FE99662CEF21F900018AFE /* Debug */,
				11FE99672CEF21F900018AFE /* Release */,
			);
			defaultConfigurationIsVisible = 0;
			defaultConfigurationName = Release;
		};
/* End XCConfigurationList section */
	};
	rootObject = 11FE994F2CEF21F800018AFE /* Project object */;
}
